Microsoft Visual Studio Solution File, Format Version 11.00
# Visual Studio 2008

Project("{5EFD7A17-171F-C40A-1FF0-8C21C01764C6}") = "Unit War", "Assembly-CSharp-firstpass.csproj", "{4FB9093E-BAF1-56D7-D1AB-A21B44E4E6A5}"
EndProject
Project("{5EFD7A17-171F-C40A-1FF0-8C21C01764C6}") = "Unit War", "Assembly-CSharp.csproj", "{EF044958-731F-7511-F649-F74211785E5C}"
EndProject
Project("{5EFD7A17-171F-C40A-1FF0-8C21C01764C6}") = "Unit War", "Assembly-CSharp-Editor.csproj", "{FF714645-C824-F36A-5546-EF3669DCE64C}"
EndProject
Global
	GlobalSection(SolutionConfigurationPlatforms) = preSolution
		Debug|Any CPU = Debug|Any CPU
		Release|Any CPU = Release|Any CPU
	EndGlobalSection
	GlobalSection(ProjectConfigurationPlatforms) = postSolution
		{4FB9093E-BAF1-56D7-D1AB-A21B44E4E6A5}.Debug|Any CPU.ActiveCfg = Debug|Any CPU
		{4FB9093E-BAF1-56D7-D1AB-A21B44E4E6A5}.Debug|Any CPU.Build.0 = Debug|Any CPU
		{4FB9093E-BAF1-56D7-D1AB-A21B44E4E6A5}.Release|Any CPU.ActiveCfg = Release|Any CPU
		{4FB9093E-BAF1-56D7-D1AB-A21B44E4E6A5}.Release|Any CPU.Build.0 = Release|Any CPU
		{EF044958-731F-7511-F649-F74211785E5C}.Debug|Any CPU.ActiveCfg = Debug|Any CPU
		{EF044958-731F-7511-F649-F74211785E5C}.Debug|Any CPU.Build.0 = Debug|Any CPU
		{EF044958-731F-7511-F649-F74211785E5C}.Release|Any CPU.ActiveCfg = Release|Any CPU
		{EF044958-731F-7511-F649-F74211785E5C}.Release|Any CPU.Build.0 = Release|Any CPU
		{FF714645-C824-F36A-5546-EF3669DCE64C}.Debug|Any CPU.ActiveCfg = Debug|Any CPU
		{FF714645-C824-F36A-5546-EF3669DCE64C}.Debug|Any CPU.Build.0 = Debug|Any CPU
		{FF714645-C824-F36A-5546-EF3669DCE64C}.Release|Any CPU.ActiveCfg = Release|Any CPU
		{FF714645-C824-F36A-5546-EF3669DCE64C}.Release|Any CPU.Build.0 = Release|Any CPU
	EndGlobalSection
	GlobalSection(SolutionProperties) = preSolution
		HideSolutionNode = FALSE
	EndGlobalSection
	GlobalSection(MonoDevelopProperties) = preSolution
		StartupItem = Assembly-CSharp.csproj
	EndGlobalSection
EndGlobal
